
Microsoft Visual Studio Solution File, Format Version 12.00
# Visual Studio Version 16
VisualStudioVersion = 16.0.31911.196
MinimumVisualStudioVersion = 10.0.40219.1
Project("{FAE04EC0-301F-11D3-BF4B-00C04F79EFBC}") = "Demo", "Demo\Demo.csproj", "{6B8AFE0B-2536-4FEB-BD47-AC0956C68DB7}"
EndProject
Project("{FAE04EC0-301F-11D3-BF4B-00C04F79EFBC}") = "Model1", "Model1\Model1.csproj", "{4A4C08B7-743D-4045-AAEF-7E8B196C0AA8}"
EndProject
Global
	GlobalSection(SolutionConfigurationPlatforms) = preSolution
		Debug|Any CPU = Debug|Any CPU
		Release|Any CPU = Release|Any CPU
	EndGlobalSection
	GlobalSection(ProjectConfigurationPlatforms) = postSolution
		{6B8AFE0B-2536-4FEB-BD47-AC0956C68DB7}.Debug|Any CPU.ActiveCfg = Debug|Any CPU
		{6B8AFE0B-2536-4FEB-BD47-AC0956C68DB7}.Debug|Any CPU.Build.0 = Debug|Any CPU
		{6B8AFE0B-2536-4FEB-BD47-AC0956C68DB7}.Release|Any CPU.ActiveCfg = Release|Any CPU
		{6B8AFE0B-2536-4FEB-BD47-AC0956C68DB7}.Release|Any CPU.Build.0 = Release|Any CPU
		{4A4C08B7-743D-4045-AAEF-7E8B196C0AA8}.Debug|Any CPU.ActiveCfg = Debug|Any CPU
		{4A4C08B7-743D-4045-AAEF-7E8B196C0AA8}.Debug|Any CPU.Build.0 = Debug|Any CPU
		{4A4C08B7-743D-4045-AAEF-7E8B196C0AA8}.Release|Any CPU.ActiveCfg = Release|Any CPU
		{4A4C08B7-743D-4045-AAEF-7E8B196C0AA8}.Release|Any CPU.Build.0 = Release|Any CPU
	EndGlobalSection
	GlobalSection(SolutionProperties) = preSolution
		HideSolutionNode = FALSE
	EndGlobalSection
	GlobalSection(ExtensibilityGlobals) = postSolution
		SolutionGuid = {271CFBAB-09C9-42E1-B8C9-45EF8CAD3D9F}
	EndGlobalSection
EndGlobal
