
Microsoft Visual Studio Solution File, Format Version 12.00
# Visual Studio Version 16
VisualStudioVersion = 16.0.31911.196
MinimumVisualStudioVersion = 10.0.40219.1
Project("{FAE04EC0-301F-11D3-BF4B-00C04F79EFBC}") = "nhatky_sanluongkhoan", "nhatky_sanluongkhoan\nhatky_sanluongkhoan.csproj", "{C9A300A3-E562-43E4-A91C-D6E3B2CB0D60}"
EndProject
Project("{FAE04EC0-301F-11D3-BF4B-00C04F79EFBC}") = "Model", "Model\Model.csproj", "{FFCDF59D-AC3A-4050-A38E-CD21F9897838}"
EndProject
Global
	GlobalSection(SolutionConfigurationPlatforms) = preSolution
		Debug|Any CPU = Debug|Any CPU
		Release|Any CPU = Release|Any CPU
	EndGlobalSection
	GlobalSection(ProjectConfigurationPlatforms) = postSolution
		{C9A300A3-E562-43E4-A91C-D6E3B2CB0D60}.Debug|Any CPU.ActiveCfg = Debug|Any CPU
		{C9A300A3-E562-43E4-A91C-D6E3B2CB0D60}.Debug|Any CPU.Build.0 = Debug|Any CPU
		{C9A300A3-E562-43E4-A91C-D6E3B2CB0D60}.Release|Any CPU.ActiveCfg = Release|Any CPU
		{C9A300A3-E562-43E4-A91C-D6E3B2CB0D60}.Release|Any CPU.Build.0 = Release|Any CPU
		{FFCDF59D-AC3A-4050-A38E-CD21F9897838}.Debug|Any CPU.ActiveCfg = Debug|Any CPU
		{FFCDF59D-AC3A-4050-A38E-CD21F9897838}.Debug|Any CPU.Build.0 = Debug|Any CPU
		{FFCDF59D-AC3A-4050-A38E-CD21F9897838}.Release|Any CPU.ActiveCfg = Release|Any CPU
		{FFCDF59D-AC3A-4050-A38E-CD21F9897838}.Release|Any CPU.Build.0 = Release|Any CPU
	EndGlobalSection
	GlobalSection(SolutionProperties) = preSolution
		HideSolutionNode = FALSE
	EndGlobalSection
	GlobalSection(ExtensibilityGlobals) = postSolution
		SolutionGuid = {3D1DAD58-E6CF-4455-AF17-A14D270ECD08}
	EndGlobalSection
EndGlobal
